
Microsoft Visual Studio Solution File, Format Version 12.00
# Visual Studio Version 17
VisualStudioVersion = 17.1.32421.90
MinimumVisualStudioVersion = 10.0.40219.1
Project("{9A19103F-16F7-4668-BE54-9A1E7A4F7556}") = "KaraManager", "KaraManager.csproj", "{CDF4F2AB-E320-41F7-AEB3-3D4FF9752FB1}"
EndProject
Project("{FAE04EC0-301F-11D3-BF4B-00C04F79EFBC}") = "KaraChatServer", "..\KaraChatServer\KaraChatServer.csproj", "{77C9FB9D-2D0E-403F-85B3-EA8D9AB22E56}"
EndProject
Global
	GlobalSection(SolutionConfigurationPlatforms) = preSolution
		Debug|Any CPU = Debug|Any CPU
		Release|Any CPU = Release|Any CPU
	EndGlobalSection
	GlobalSection(ProjectConfigurationPlatforms) = postSolution
		{CDF4F2AB-E320-41F7-AEB3-3D4FF9752FB1}.Debug|Any CPU.ActiveCfg = Debug|Any CPU
		{CDF4F2AB-E320-41F7-AEB3-3D4FF9752FB1}.Debug|Any CPU.Build.0 = Debug|Any CPU
		{CDF4F2AB-E320-41F7-AEB3-3D4FF9752FB1}.Release|Any CPU.ActiveCfg = Release|Any CPU
		{CDF4F2AB-E320-41F7-AEB3-3D4FF9752FB1}.Release|Any CPU.Build.0 = Release|Any CPU
		{77C9FB9D-2D0E-403F-85B3-EA8D9AB22E56}.Debug|Any CPU.ActiveCfg = Debug|Any CPU
		{77C9FB9D-2D0E-403F-85B3-EA8D9AB22E56}.Debug|Any CPU.Build.0 = Debug|Any CPU
		{77C9FB9D-2D0E-403F-85B3-EA8D9AB22E56}.Release|Any CPU.ActiveCfg = Release|Any CPU
		{77C9FB9D-2D0E-403F-85B3-EA8D9AB22E56}.Release|Any CPU.Build.0 = Release|Any CPU
	EndGlobalSection
	GlobalSection(SolutionProperties) = preSolution
		HideSolutionNode = FALSE
	EndGlobalSection
	GlobalSection(ExtensibilityGlobals) = postSolution
		SolutionGuid = {F128F777-497C-4447-BE7D-DBD485417D32}
	EndGlobalSection
EndGlobal
